
Microsoft Visual Studio Solution File, Format Version 12.00
# Visual Studio 14
VisualStudioVersion = 14.0.24720.0
MinimumVisualStudioVersion = 10.0.40219.1
Project("{FAE04EC0-301F-11D3-BF4B-00C04F79EFBC}") = "BioContracts", "BioContracts\BioContracts.csproj", "{FEDD6C6D-6CD4-4D74-A19C-F2715B0D1F5B}"
EndProject
Project("{FAE04EC0-301F-11D3-BF4B-00C04F79EFBC}") = "BioModule", "BioModule\BioModule.csproj", "{AC257DC2-4498-40C6-A31B-3D2ED33D09EA}"
EndProject
Project("{FAE04EC0-301F-11D3-BF4B-00C04F79EFBC}") = "BioShell", "BioShell\BioShell.csproj", "{352C02F8-4638-4153-907E-57F8C7020BF2}"
EndProject
Project("{FAE04EC0-301F-11D3-BF4B-00C04F79EFBC}") = "BioConsole", "BioConsole\BioConsole.csproj", "{A2A130A0-E273-4FCF-9373-F0B745032F46}"
EndProject
Project("{FAE04EC0-301F-11D3-BF4B-00C04F79EFBC}") = "BioData", "BioData\BioData.csproj", "{979EE57F-FD15-43C8-917A-4E53AD1C4AD4}"
EndProject
Project("{FAE04EC0-301F-11D3-BF4B-00C04F79EFBC}") = "BioAccessDevice", "BioAccessDevice\BioAccessDevice.csproj", "{09DF37B6-4105-4C3A-8F1C-8BC4EC95DC05}"
EndProject
Project("{FAE04EC0-301F-11D3-BF4B-00C04F79EFBC}") = "BioGRPC", "BioGRPC\BioGRPC.csproj", "{CD53527F-3158-4898-8E39-12C3531CF05C}"
EndProject
Project("{FAE04EC0-301F-11D3-BF4B-00C04F79EFBC}") = "BioEngine", "BioEngine\BioEngine.csproj", "{0E18D66B-A62B-4074-9217-BBF30D2C9322}"
EndProject
Project("{FAE04EC0-301F-11D3-BF4B-00C04F79EFBC}") = "BioCaptureDevices", "BioCaptureDevices\BioCaptureDevices.csproj", "{6F2AD37F-D888-4CE9-9891-B685F1F0E4A9}"
EndProject
Global
	GlobalSection(SolutionConfigurationPlatforms) = preSolution
		Debug|Any CPU = Debug|Any CPU
		Debug|x86 = Debug|x86
		Release|Any CPU = Release|Any CPU
		Release|x86 = Release|x86
	EndGlobalSection
	GlobalSection(ProjectConfigurationPlatforms) = postSolution
		{FEDD6C6D-6CD4-4D74-A19C-F2715B0D1F5B}.Debug|Any CPU.ActiveCfg = Debug|Any CPU
		{FEDD6C6D-6CD4-4D74-A19C-F2715B0D1F5B}.Debug|Any CPU.Build.0 = Debug|Any CPU
		{FEDD6C6D-6CD4-4D74-A19C-F2715B0D1F5B}.Debug|x86.ActiveCfg = Debug|x86
		{FEDD6C6D-6CD4-4D74-A19C-F2715B0D1F5B}.Debug|x86.Build.0 = Debug|x86
		{FEDD6C6D-6CD4-4D74-A19C-F2715B0D1F5B}.Release|Any CPU.ActiveCfg = Release|Any CPU
		{FEDD6C6D-6CD4-4D74-A19C-F2715B0D1F5B}.Release|Any CPU.Build.0 = Release|Any CPU
		{FEDD6C6D-6CD4-4D74-A19C-F2715B0D1F5B}.Release|x86.ActiveCfg = Release|x86
		{FEDD6C6D-6CD4-4D74-A19C-F2715B0D1F5B}.Release|x86.Build.0 = Release|x86
		{AC257DC2-4498-40C6-A31B-3D2ED33D09EA}.Debug|Any CPU.ActiveCfg = Debug|Any CPU
		{AC257DC2-4498-40C6-A31B-3D2ED33D09EA}.Debug|Any CPU.Build.0 = Debug|Any CPU
		{AC257DC2-4498-40C6-A31B-3D2ED33D09EA}.Debug|x86.ActiveCfg = Debug|x86
		{AC257DC2-4498-40C6-A31B-3D2ED33D09EA}.Debug|x86.Build.0 = Debug|x86
		{AC257DC2-4498-40C6-A31B-3D2ED33D09EA}.Release|Any CPU.ActiveCfg = Release|Any CPU
		{AC257DC2-4498-40C6-A31B-3D2ED33D09EA}.Release|Any CPU.Build.0 = Release|Any CPU
		{AC257DC2-4498-40C6-A31B-3D2ED33D09EA}.Release|x86.ActiveCfg = Release|x86
		{AC257DC2-4498-40C6-A31B-3D2ED33D09EA}.Release|x86.Build.0 = Release|x86
		{352C02F8-4638-4153-907E-57F8C7020BF2}.Debug|Any CPU.ActiveCfg = Debug|Any CPU
		{352C02F8-4638-4153-907E-57F8C7020BF2}.Debug|Any CPU.Build.0 = Debug|Any CPU
		{352C02F8-4638-4153-907E-57F8C7020BF2}.Debug|x86.ActiveCfg = Debug|x86
		{352C02F8-4638-4153-907E-57F8C7020BF2}.Debug|x86.Build.0 = Debug|x86
		{352C02F8-4638-4153-907E-57F8C7020BF2}.Release|Any CPU.ActiveCfg = Release|Any CPU
		{352C02F8-4638-4153-907E-57F8C7020BF2}.Release|Any CPU.Build.0 = Release|Any CPU
		{352C02F8-4638-4153-907E-57F8C7020BF2}.Release|x86.ActiveCfg = Release|x86
		{352C02F8-4638-4153-907E-57F8C7020BF2}.Release|x86.Build.0 = Release|x86
		{A2A130A0-E273-4FCF-9373-F0B745032F46}.Debug|Any CPU.ActiveCfg = Debug|Any CPU
		{A2A130A0-E273-4FCF-9373-F0B745032F46}.Debug|Any CPU.Build.0 = Debug|Any CPU
		{A2A130A0-E273-4FCF-9373-F0B745032F46}.Debug|x86.ActiveCfg = Debug|x86
		{A2A130A0-E273-4FCF-9373-F0B745032F46}.Debug|x86.Build.0 = Debug|x86
		{A2A130A0-E273-4FCF-9373-F0B745032F46}.Release|Any CPU.ActiveCfg = Release|Any CPU
		{A2A130A0-E273-4FCF-9373-F0B745032F46}.Release|Any CPU.Build.0 = Release|Any CPU
		{A2A130A0-E273-4FCF-9373-F0B745032F46}.Release|x86.ActiveCfg = Release|x86
		{A2A130A0-E273-4FCF-9373-F0B745032F46}.Release|x86.Build.0 = Release|x86
		{979EE57F-FD15-43C8-917A-4E53AD1C4AD4}.Debug|Any CPU.ActiveCfg = Debug|Any CPU
		{979EE57F-FD15-43C8-917A-4E53AD1C4AD4}.Debug|Any CPU.Build.0 = Debug|Any CPU
		{979EE57F-FD15-43C8-917A-4E53AD1C4AD4}.Debug|x86.ActiveCfg = Debug|x86
		{979EE57F-FD15-43C8-917A-4E53AD1C4AD4}.Debug|x86.Build.0 = Debug|x86
		{979EE57F-FD15-43C8-917A-4E53AD1C4AD4}.Release|Any CPU.ActiveCfg = Release|Any CPU
		{979EE57F-FD15-43C8-917A-4E53AD1C4AD4}.Release|Any CPU.Build.0 = Release|Any CPU
		{979EE57F-FD15-43C8-917A-4E53AD1C4AD4}.Release|x86.ActiveCfg = Release|x86
		{979EE57F-FD15-43C8-917A-4E53AD1C4AD4}.Release|x86.Build.0 = Release|x86
		{09DF37B6-4105-4C3A-8F1C-8BC4EC95DC05}.Debug|Any CPU.ActiveCfg = Debug|Any CPU
		{09DF37B6-4105-4C3A-8F1C-8BC4EC95DC05}.Debug|Any CPU.Build.0 = Debug|Any CPU
		{09DF37B6-4105-4C3A-8F1C-8BC4EC95DC05}.Debug|x86.ActiveCfg = Debug|x86
		{09DF37B6-4105-4C3A-8F1C-8BC4EC95DC05}.Debug|x86.Build.0 = Debug|x86
		{09DF37B6-4105-4C3A-8F1C-8BC4EC95DC05}.Release|Any CPU.ActiveCfg = Release|Any CPU
		{09DF37B6-4105-4C3A-8F1C-8BC4EC95DC05}.Release|Any CPU.Build.0 = Release|Any CPU
		{09DF37B6-4105-4C3A-8F1C-8BC4EC95DC05}.Release|x86.ActiveCfg = Release|x86
		{09DF37B6-4105-4C3A-8F1C-8BC4EC95DC05}.Release|x86.Build.0 = Release|x86
		{CD53527F-3158-4898-8E39-12C3531CF05C}.Debug|Any CPU.ActiveCfg = Debug|Any CPU
		{CD53527F-3158-4898-8E39-12C3531CF05C}.Debug|Any CPU.Build.0 = Debug|Any CPU
		{CD53527F-3158-4898-8E39-12C3531CF05C}.Debug|x86.ActiveCfg = Debug|x86
		{CD53527F-3158-4898-8E39-12C3531CF05C}.Debug|x86.Build.0 = Debug|x86
		{CD53527F-3158-4898-8E39-12C3531CF05C}.Release|Any CPU.ActiveCfg = Release|Any CPU
		{CD53527F-3158-4898-8E39-12C3531CF05C}.Release|Any CPU.Build.0 = Release|Any CPU
		{CD53527F-3158-4898-8E39-12C3531CF05C}.Release|x86.ActiveCfg = Release|x86
		{CD53527F-3158-4898-8E39-12C3531CF05C}.Release|x86.Build.0 = Release|x86
		{0E18D66B-A62B-4074-9217-BBF30D2C9322}.Debug|Any CPU.ActiveCfg = Debug|Any CPU
		{0E18D66B-A62B-4074-9217-BBF30D2C9322}.Debug|Any CPU.Build.0 = Debug|Any CPU
		{0E18D66B-A62B-4074-9217-BBF30D2C9322}.Debug|x86.ActiveCfg = Debug|x86
		{0E18D66B-A62B-4074-9217-BBF30D2C9322}.Debug|x86.Build.0 = Debug|x86
		{0E18D66B-A62B-4074-9217-BBF30D2C9322}.Release|Any CPU.ActiveCfg = Release|Any CPU
		{0E18D66B-A62B-4074-9217-BBF30D2C9322}.Release|Any CPU.Build.0 = Release|Any CPU
		{0E18D66B-A62B-4074-9217-BBF30D2C9322}.Release|x86.ActiveCfg = Release|x86
		{0E18D66B-A62B-4074-9217-BBF30D2C9322}.Release|x86.Build.0 = Release|x86
		{6F2AD37F-D888-4CE9-9891-B685F1F0E4A9}.Debug|Any CPU.ActiveCfg = Debug|Any CPU
		{6F2AD37F-D888-4CE9-9891-B685F1F0E4A9}.Debug|Any CPU.Build.0 = Debug|Any CPU
		{6F2AD37F-D888-4CE9-9891-B685F1F0E4A9}.Debug|x86.ActiveCfg = Debug|Any CPU
		{6F2AD37F-D888-4CE9-9891-B685F1F0E4A9}.Debug|x86.Build.0 = Debug|Any CPU
		{6F2AD37F-D888-4CE9-9891-B685F1F0E4A9}.Release|Any CPU.ActiveCfg = Release|Any CPU
		{6F2AD37F-D888-4CE9-9891-B685F1F0E4A9}.Release|Any CPU.Build.0 = Release|Any CPU
		{6F2AD37F-D888-4CE9-9891-B685F1F0E4A9}.Release|x86.ActiveCfg = Release|Any CPU
		{6F2AD37F-D888-4CE9-9891-B685F1F0E4A9}.Release|x86.Build.0 = Release|Any CPU
	EndGlobalSection
	GlobalSection(SolutionProperties) = preSolution
		HideSolutionNode = FALSE
	EndGlobalSection
EndGlobal
