
Microsoft Visual Studio Solution File, Format Version 12.00
# Visual Studio 14
VisualStudioVersion = 14.0.23107.0
MinimumVisualStudioVersion = 10.0.40219.1
Project("{FAE04EC0-301F-11D3-BF4B-00C04F79EFBC}") = "BioContracts", "BioContracts\BioContracts.csproj", "{FEDD6C6D-6CD4-4D74-A19C-F2715B0D1F5B}"
EndProject
Project("{FAE04EC0-301F-11D3-BF4B-00C04F79EFBC}") = "BioModule", "BioModule\BioModule.csproj", "{AC257DC2-4498-40C6-A31B-3D2ED33D09EA}"
EndProject
Project("{FAE04EC0-301F-11D3-BF4B-00C04F79EFBC}") = "BioShell", "BioShell\BioShell.csproj", "{352C02F8-4638-4153-907E-57F8C7020BF2}"
EndProject
Project("{FAE04EC0-301F-11D3-BF4B-00C04F79EFBC}") = "BioData", "BioData\BioData.csproj", "{87F37BE5-5A7C-465A-9533-95D095304BC9}"
EndProject
Global
	GlobalSection(SolutionConfigurationPlatforms) = preSolution
		Debug|Any CPU = Debug|Any CPU
		Release|Any CPU = Release|Any CPU
	EndGlobalSection
	GlobalSection(ProjectConfigurationPlatforms) = postSolution
		{FEDD6C6D-6CD4-4D74-A19C-F2715B0D1F5B}.Debug|Any CPU.ActiveCfg = Debug|Any CPU
		{FEDD6C6D-6CD4-4D74-A19C-F2715B0D1F5B}.Debug|Any CPU.Build.0 = Debug|Any CPU
		{FEDD6C6D-6CD4-4D74-A19C-F2715B0D1F5B}.Release|Any CPU.ActiveCfg = Release|Any CPU
		{FEDD6C6D-6CD4-4D74-A19C-F2715B0D1F5B}.Release|Any CPU.Build.0 = Release|Any CPU
		{AC257DC2-4498-40C6-A31B-3D2ED33D09EA}.Debug|Any CPU.ActiveCfg = Debug|Any CPU
		{AC257DC2-4498-40C6-A31B-3D2ED33D09EA}.Debug|Any CPU.Build.0 = Debug|Any CPU
		{AC257DC2-4498-40C6-A31B-3D2ED33D09EA}.Release|Any CPU.ActiveCfg = Release|Any CPU
		{AC257DC2-4498-40C6-A31B-3D2ED33D09EA}.Release|Any CPU.Build.0 = Release|Any CPU
		{352C02F8-4638-4153-907E-57F8C7020BF2}.Debug|Any CPU.ActiveCfg = Debug|Any CPU
		{352C02F8-4638-4153-907E-57F8C7020BF2}.Debug|Any CPU.Build.0 = Debug|Any CPU
		{352C02F8-4638-4153-907E-57F8C7020BF2}.Release|Any CPU.ActiveCfg = Release|Any CPU
		{352C02F8-4638-4153-907E-57F8C7020BF2}.Release|Any CPU.Build.0 = Release|Any CPU
		{87F37BE5-5A7C-465A-9533-95D095304BC9}.Debug|Any CPU.ActiveCfg = Debug|Any CPU
		{87F37BE5-5A7C-465A-9533-95D095304BC9}.Debug|Any CPU.Build.0 = Debug|Any CPU
		{87F37BE5-5A7C-465A-9533-95D095304BC9}.Release|Any CPU.ActiveCfg = Release|Any CPU
		{87F37BE5-5A7C-465A-9533-95D095304BC9}.Release|Any CPU.Build.0 = Release|Any CPU
	EndGlobalSection
	GlobalSection(SolutionProperties) = preSolution
		HideSolutionNode = FALSE
	EndGlobalSection
EndGlobal
