
Microsoft Visual Studio Solution File, Format Version 12.00
# Visual Studio 14
VisualStudioVersion = 14.0.23107.0
MinimumVisualStudioVersion = 10.0.40219.1
Project("{FAE04EC0-301F-11D3-BF4B-00C04F79EFBC}") = "BioContracts", "BioContracts\BioContracts.csproj", "{FEDD6C6D-6CD4-4D74-A19C-F2715B0D1F5B}"
EndProject
Project("{FAE04EC0-301F-11D3-BF4B-00C04F79EFBC}") = "BioModule", "BioModule\BioModule.csproj", "{AC257DC2-4498-40C6-A31B-3D2ED33D09EA}"
EndProject
Project("{FAE04EC0-301F-11D3-BF4B-00C04F79EFBC}") = "BioShell", "BioShell\BioShell.csproj", "{352C02F8-4638-4153-907E-57F8C7020BF2}"
EndProject
Project("{FAE04EC0-301F-11D3-BF4B-00C04F79EFBC}") = "BioConsole", "BioConsole\BioConsole.csproj", "{A2A130A0-E273-4FCF-9373-F0B745032F46}"
EndProject
Project("{FAE04EC0-301F-11D3-BF4B-00C04F79EFBC}") = "BioData", "BioData\BioData.csproj", "{979EE57F-FD15-43C8-917A-4E53AD1C4AD4}"
EndProject
Project("{FAE04EC0-301F-11D3-BF4B-00C04F79EFBC}") = "BioAccessDevice", "BioAccessDevice\BioAccessDevice.csproj", "{09DF37B6-4105-4C3A-8F1C-8BC4EC95DC05}"
EndProject
Project("{FAE04EC0-301F-11D3-BF4B-00C04F79EFBC}") = "BioUITest", "BioUITest\BioUITest.csproj", "{65B5DC58-F1A1-40A9-BB95-1A19690B4E13}"
EndProject
Project("{FAE04EC0-301F-11D3-BF4B-00C04F79EFBC}") = "BioSocket", "BioSocket\BioSocket.csproj", "{F3A331B0-E146-4940-A37B-3A16B1D33E35}"
EndProject
Global
	GlobalSection(SolutionConfigurationPlatforms) = preSolution
		Debug|Any CPU = Debug|Any CPU
		Release|Any CPU = Release|Any CPU
	EndGlobalSection
	GlobalSection(ProjectConfigurationPlatforms) = postSolution
		{FEDD6C6D-6CD4-4D74-A19C-F2715B0D1F5B}.Debug|Any CPU.ActiveCfg = Debug|Any CPU
		{FEDD6C6D-6CD4-4D74-A19C-F2715B0D1F5B}.Debug|Any CPU.Build.0 = Debug|Any CPU
		{FEDD6C6D-6CD4-4D74-A19C-F2715B0D1F5B}.Release|Any CPU.ActiveCfg = Release|Any CPU
		{FEDD6C6D-6CD4-4D74-A19C-F2715B0D1F5B}.Release|Any CPU.Build.0 = Release|Any CPU
		{AC257DC2-4498-40C6-A31B-3D2ED33D09EA}.Debug|Any CPU.ActiveCfg = Debug|Any CPU
		{AC257DC2-4498-40C6-A31B-3D2ED33D09EA}.Debug|Any CPU.Build.0 = Debug|Any CPU
		{AC257DC2-4498-40C6-A31B-3D2ED33D09EA}.Release|Any CPU.ActiveCfg = Release|Any CPU
		{AC257DC2-4498-40C6-A31B-3D2ED33D09EA}.Release|Any CPU.Build.0 = Release|Any CPU
		{352C02F8-4638-4153-907E-57F8C7020BF2}.Debug|Any CPU.ActiveCfg = Debug|Any CPU
		{352C02F8-4638-4153-907E-57F8C7020BF2}.Debug|Any CPU.Build.0 = Debug|Any CPU
		{352C02F8-4638-4153-907E-57F8C7020BF2}.Release|Any CPU.ActiveCfg = Release|Any CPU
		{352C02F8-4638-4153-907E-57F8C7020BF2}.Release|Any CPU.Build.0 = Release|Any CPU
		{A2A130A0-E273-4FCF-9373-F0B745032F46}.Debug|Any CPU.ActiveCfg = Debug|Any CPU
		{A2A130A0-E273-4FCF-9373-F0B745032F46}.Debug|Any CPU.Build.0 = Debug|Any CPU
		{A2A130A0-E273-4FCF-9373-F0B745032F46}.Release|Any CPU.ActiveCfg = Release|Any CPU
		{A2A130A0-E273-4FCF-9373-F0B745032F46}.Release|Any CPU.Build.0 = Release|Any CPU
		{979EE57F-FD15-43C8-917A-4E53AD1C4AD4}.Debug|Any CPU.ActiveCfg = Debug|Any CPU
		{979EE57F-FD15-43C8-917A-4E53AD1C4AD4}.Debug|Any CPU.Build.0 = Debug|Any CPU
		{979EE57F-FD15-43C8-917A-4E53AD1C4AD4}.Release|Any CPU.ActiveCfg = Release|Any CPU
		{979EE57F-FD15-43C8-917A-4E53AD1C4AD4}.Release|Any CPU.Build.0 = Release|Any CPU
		{09DF37B6-4105-4C3A-8F1C-8BC4EC95DC05}.Debug|Any CPU.ActiveCfg = Debug|Any CPU
		{09DF37B6-4105-4C3A-8F1C-8BC4EC95DC05}.Debug|Any CPU.Build.0 = Debug|Any CPU
		{09DF37B6-4105-4C3A-8F1C-8BC4EC95DC05}.Release|Any CPU.ActiveCfg = Release|Any CPU
		{09DF37B6-4105-4C3A-8F1C-8BC4EC95DC05}.Release|Any CPU.Build.0 = Release|Any CPU
		{65B5DC58-F1A1-40A9-BB95-1A19690B4E13}.Debug|Any CPU.ActiveCfg = Debug|Any CPU
		{65B5DC58-F1A1-40A9-BB95-1A19690B4E13}.Debug|Any CPU.Build.0 = Debug|Any CPU
		{65B5DC58-F1A1-40A9-BB95-1A19690B4E13}.Release|Any CPU.ActiveCfg = Release|Any CPU
		{65B5DC58-F1A1-40A9-BB95-1A19690B4E13}.Release|Any CPU.Build.0 = Release|Any CPU
		{F3A331B0-E146-4940-A37B-3A16B1D33E35}.Debug|Any CPU.ActiveCfg = Debug|Any CPU
		{F3A331B0-E146-4940-A37B-3A16B1D33E35}.Debug|Any CPU.Build.0 = Debug|Any CPU
		{F3A331B0-E146-4940-A37B-3A16B1D33E35}.Release|Any CPU.ActiveCfg = Release|Any CPU
		{F3A331B0-E146-4940-A37B-3A16B1D33E35}.Release|Any CPU.Build.0 = Release|Any CPU
	EndGlobalSection
	GlobalSection(SolutionProperties) = preSolution
		HideSolutionNode = FALSE
	EndGlobalSection
EndGlobal
